
Microsoft Visual Studio Solution File, Format Version 12.00
# Visual Studio Version 17
VisualStudioVersion = 17.5.33502.453
MinimumVisualStudioVersion = 10.0.40219.1
Project("{FAE04EC0-301F-11D3-BF4B-00C04F79EFBC}") = "Arab into rom", "Arab into rom\Arab into rom.csproj", "{51E75129-2460-4984-9D4C-2916113436EA}"
EndProject
Global
	GlobalSection(SolutionConfigurationPlatforms) = preSolution
		Debug|Any CPU = Debug|Any CPU
		Release|Any CPU = Release|Any CPU
	EndGlobalSection
	GlobalSection(ProjectConfigurationPlatforms) = postSolution
		{51E75129-2460-4984-9D4C-2916113436EA}.Debug|Any CPU.ActiveCfg = Debug|Any CPU
		{51E75129-2460-4984-9D4C-2916113436EA}.Debug|Any CPU.Build.0 = Debug|Any CPU
		{51E75129-2460-4984-9D4C-2916113436EA}.Release|Any CPU.ActiveCfg = Release|Any CPU
		{51E75129-2460-4984-9D4C-2916113436EA}.Release|Any CPU.Build.0 = Release|Any CPU
	EndGlobalSection
	GlobalSection(SolutionProperties) = preSolution
		HideSolutionNode = FALSE
	EndGlobalSection
	GlobalSection(ExtensibilityGlobals) = postSolution
		SolutionGuid = {9FB2B4F6-2ACA-4DBC-8322-BCD39A742AE7}
	EndGlobalSection
EndGlobal
